
Microsoft Visual Studio Solution File, Format Version 12.00
# Visual Studio Version 17
VisualStudioVersion = 17.13.35818.85 d17.13
MinimumVisualStudioVersion = 10.0.40219.1
Project("{FAE04EC0-301F-11D3-BF4B-00C04F79EFBC}") = "ContractList", "ContractList\ContractList.csproj", "{A243E044-AF5E-4661-BD00-EDFFEBC0359E}"
EndProject
Global
	GlobalSection(SolutionConfigurationPlatforms) = preSolution
		Debug|Any CPU = Debug|Any CPU
		Release|Any CPU = Release|Any CPU
	EndGlobalSection
	GlobalSection(ProjectConfigurationPlatforms) = postSolution
		{A243E044-AF5E-4661-BD00-EDFFEBC0359E}.Debug|Any CPU.ActiveCfg = Debug|Any CPU
		{A243E044-AF5E-4661-BD00-EDFFEBC0359E}.Debug|Any CPU.Build.0 = Debug|Any CPU
		{A243E044-AF5E-4661-BD00-EDFFEBC0359E}.Release|Any CPU.ActiveCfg = Release|Any CPU
		{A243E044-AF5E-4661-BD00-EDFFEBC0359E}.Release|Any CPU.Build.0 = Release|Any CPU
	EndGlobalSection
	GlobalSection(SolutionProperties) = preSolution
		HideSolutionNode = FALSE
	EndGlobalSection
	GlobalSection(ExtensibilityGlobals) = postSolution
		SolutionGuid = {6C50CC50-2553-4DE4-9433-6FDF21AFFEF1}
	EndGlobalSection
EndGlobal
